
Microsoft Visual Studio Solution File, Format Version 12.00
# Visual Studio Version 17
VisualStudioVersion = 17.4.33205.214
MinimumVisualStudioVersion = 10.0.40219.1
Project("{FAE04EC0-301F-11D3-BF4B-00C04F79EFBC}") = "FluentValidationSample", "FluentValidationSample\FluentValidationSample.csproj", "{CC5F7C85-50B4-4F5B-BD5B-026EFA241ACC}"
EndProject
Global
	GlobalSection(SolutionConfigurationPlatforms) = preSolution
		Debug|Any CPU = Debug|Any CPU
		Release|Any CPU = Release|Any CPU
	EndGlobalSection
	GlobalSection(ProjectConfigurationPlatforms) = postSolution
		{CC5F7C85-50B4-4F5B-BD5B-026EFA241ACC}.Debug|Any CPU.ActiveCfg = Debug|Any CPU
		{CC5F7C85-50B4-4F5B-BD5B-026EFA241ACC}.Debug|Any CPU.Build.0 = Debug|Any CPU
		{CC5F7C85-50B4-4F5B-BD5B-026EFA241ACC}.Release|Any CPU.ActiveCfg = Release|Any CPU
		{CC5F7C85-50B4-4F5B-BD5B-026EFA241ACC}.Release|Any CPU.Build.0 = Release|Any CPU
	EndGlobalSection
	GlobalSection(SolutionProperties) = preSolution
		HideSolutionNode = FALSE
	EndGlobalSection
	GlobalSection(ExtensibilityGlobals) = postSolution
		SolutionGuid = {AC5C40EE-B496-4075-8324-E84B41E7F603}
	EndGlobalSection
EndGlobal
